// !$*UTF8*$!
{
	archiveVersion = 1;
	classes = {
	};
	objectVersion = 56;
	objects = {

/* Begin PBXBuildFile section */
		4EE005202A78033C00C72007 /* AppDelegate.swift in Sources */ = {isa = PBXBuildFile; fileRef = 4EE0051F2A78033C00C72007 /* AppDelegate.swift */; };
		4EE005222A78033C00C72007 /* SceneDelegate.swift in Sources */ = {isa = PBXBuildFile; fileRef = 4EE005212A78033C00C72007 /* SceneDelegate.swift */; };
		4EE005242A78033C00C72007 /* ViewController.swift in Sources */ = {isa = PBXBuildFile; fileRef = 4EE005232A78033C00C72007 /* ViewController.swift */; };
		4EE005292A78033D00C72007 /* Assets.xcassets in Resources */ = {isa = PBXBuildFile; fileRef = 4EE005282A78033D00C72007 /* Assets.xcassets */; };
		4EE0052C2A78033D00C72007 /* LaunchScreen.storyboard in Resources */ = {isa = PBXBuildFile; fileRef = 4EE0052A2A78033D00C72007 /* LaunchScreen.storyboard */; };
		4EE0053E2A78059600C72007 /* Router.swift in Sources */ = {isa = PBXBuildFile; fileRef = 4EE0053D2A78059600C72007 /* Router.swift */; };
		4EE005402A7805A400C72007 /* ModuleBilder.swift in Sources */ = {isa = PBXBuildFile; fileRef = 4EE0053F2A7805A400C72007 /* ModuleBilder.swift */; };
		4EE005422A78FDEB00C72007 /* UserProfileViewController.swift in Sources */ = {isa = PBXBuildFile; fileRef = 4EE005412A78FDEB00C72007 /* UserProfileViewController.swift */; };
		4EE005442A78FEAB00C72007 /* UserProfilePresenter.swift in Sources */ = {isa = PBXBuildFile; fileRef = 4EE005432A78FEAB00C72007 /* UserProfilePresenter.swift */; };
		4EE005462A793E9A00C72007 /* MockData.swift in Sources */ = {isa = PBXBuildFile; fileRef = 4EE005452A793E9A00C72007 /* MockData.swift */; };
/* End PBXBuildFile section */

/* Begin PBXFileReference section */
		4EE0051C2A78033C00C72007 /* SurfSummerStudy23.app */ = {isa = PBXFileReference; explicitFileType = wrapper.application; includeInIndex = 0; path = SurfSummerStudy23.app; sourceTree = BUILT_PRODUCTS_DIR; };
		4EE0051F2A78033C00C72007 /* AppDelegate.swift */ = {isa = PBXFileReference; lastKnownFileType = sourcecode.swift; path = AppDelegate.swift; sourceTree = "<group>"; };
		4EE005212A78033C00C72007 /* SceneDelegate.swift */ = {isa = PBXFileReference; lastKnownFileType = sourcecode.swift; path = SceneDelegate.swift; sourceTree = "<group>"; };
		4EE005232A78033C00C72007 /* ViewController.swift */ = {isa = PBXFileReference; lastKnownFileType = sourcecode.swift; path = ViewController.swift; sourceTree = "<group>"; };
		4EE005282A78033D00C72007 /* Assets.xcassets */ = {isa = PBXFileReference; lastKnownFileType = folder.assetcatalog; path = Assets.xcassets; sourceTree = "<group>"; };
		4EE0052B2A78033D00C72007 /* Base */ = {isa = PBXFileReference; lastKnownFileType = file.storyboard; name = Base; path = Base.lproj/LaunchScreen.storyboard; sourceTree = "<group>"; };
		4EE0052D2A78033D00C72007 /* Info.plist */ = {isa = PBXFileReference; lastKnownFileType = text.plist.xml; path = Info.plist; sourceTree = "<group>"; };
		4EE0053D2A78059600C72007 /* Router.swift */ = {isa = PBXFileReference; lastKnownFileType = sourcecode.swift; path = Router.swift; sourceTree = "<group>"; };
		4EE0053F2A7805A400C72007 /* ModuleBilder.swift */ = {isa = PBXFileReference; lastKnownFileType = sourcecode.swift; path = ModuleBilder.swift; sourceTree = "<group>"; };
		4EE005412A78FDEB00C72007 /* UserProfileViewController.swift */ = {isa = PBXFileReference; lastKnownFileType = sourcecode.swift; path = UserProfileViewController.swift; sourceTree = "<group>"; };
		4EE005432A78FEAB00C72007 /* UserProfilePresenter.swift */ = {isa = PBXFileReference; lastKnownFileType = sourcecode.swift; path = UserProfilePresenter.swift; sourceTree = "<group>"; };
		4EE005452A793E9A00C72007 /* MockData.swift */ = {isa = PBXFileReference; lastKnownFileType = sourcecode.swift; path = MockData.swift; sourceTree = "<group>"; };
/* End PBXFileReference section */

/* Begin PBXFrameworksBuildPhase section */
		4EE005192A78033C00C72007 /* Frameworks */ = {
			isa = PBXFrameworksBuildPhase;
			buildActionMask = 2147483647;
			files = (
			);
			runOnlyForDeploymentPostprocessing = 0;
		};
/* End PBXFrameworksBuildPhase section */

/* Begin PBXGroup section */
		4EE005132A78033C00C72007 = {
			isa = PBXGroup;
			children = (
				4EE0051E2A78033C00C72007 /* SurfSummerStudy23 */,
				4EE0051D2A78033C00C72007 /* Products */,
			);
			sourceTree = "<group>";
		};
		4EE0051D2A78033C00C72007 /* Products */ = {
			isa = PBXGroup;
			children = (
				4EE0051C2A78033C00C72007 /* SurfSummerStudy23.app */,
			);
			name = Products;
			sourceTree = "<group>";
		};
		4EE0051E2A78033C00C72007 /* SurfSummerStudy23 */ = {
			isa = PBXGroup;
			children = (
				4EE005352A7803F000C72007 /* MainFlow */,
				4EE005342A7803DD00C72007 /* ServiceLayer */,
				4EE005332A7803C600C72007 /* App */,
			);
			path = SurfSummerStudy23;
			sourceTree = "<group>";
		};
		4EE005332A7803C600C72007 /* App */ = {
			isa = PBXGroup;
			children = (
				4EE0051F2A78033C00C72007 /* AppDelegate.swift */,
				4EE005212A78033C00C72007 /* SceneDelegate.swift */,
				4EE005232A78033C00C72007 /* ViewController.swift */,
				4EE005282A78033D00C72007 /* Assets.xcassets */,
				4EE0052A2A78033D00C72007 /* LaunchScreen.storyboard */,
				4EE0052D2A78033D00C72007 /* Info.plist */,
				4EE0053D2A78059600C72007 /* Router.swift */,
				4EE0053F2A7805A400C72007 /* ModuleBilder.swift */,
			);
			path = App;
			sourceTree = "<group>";
		};
		4EE005342A7803DD00C72007 /* ServiceLayer */ = {
			isa = PBXGroup;
			children = (
				4EE005452A793E9A00C72007 /* MockData.swift */,
			);
			path = ServiceLayer;
			sourceTree = "<group>";
		};
		4EE005352A7803F000C72007 /* MainFlow */ = {
			isa = PBXGroup;
			children = (
				4EE005372A78041000C72007 /* UserProfile */,
				4EE005362A7803FF00C72007 /* Model */,
			);
			path = MainFlow;
			sourceTree = "<group>";
		};
		4EE005362A7803FF00C72007 /* Model */ = {
			isa = PBXGroup;
			children = (
			);
			path = Model;
			sourceTree = "<group>";
		};
		4EE005372A78041000C72007 /* UserProfile */ = {
			isa = PBXGroup;
			children = (
				4EE0053B2A78043600C72007 /* Presenter */,
				4EE0053A2A78043000C72007 /* View */,
			);
			path = UserProfile;
			sourceTree = "<group>";
		};
		4EE0053A2A78043000C72007 /* View */ = {
			isa = PBXGroup;
			children = (
				4EE005412A78FDEB00C72007 /* UserProfileViewController.swift */,
			);
			path = View;
			sourceTree = "<group>";
		};
		4EE0053B2A78043600C72007 /* Presenter */ = {
			isa = PBXGroup;
			children = (
				4EE005432A78FEAB00C72007 /* UserProfilePresenter.swift */,
			);
			path = Presenter;
			sourceTree = "<group>";
		};
/* End PBXGroup section */

/* Begin PBXNativeTarget section */
		4EE0051B2A78033C00C72007 /* SurfSummerStudy23 */ = {
			isa = PBXNativeTarget;
			buildConfigurationList = 4EE005302A78033D00C72007 /* Build configuration list for PBXNativeTarget "SurfSummerStudy23" */;
			buildPhases = (
				4EE005182A78033C00C72007 /* Sources */,
				4EE005192A78033C00C72007 /* Frameworks */,
				4EE0051A2A78033C00C72007 /* Resources */,
			);
			buildRules = (
			);
			dependencies = (
			);
			name = SurfSummerStudy23;
			productName = SurfSummerStudy23;
			productReference = 4EE0051C2A78033C00C72007 /* SurfSummerStudy23.app */;
			productType = "com.apple.product-type.application";
		};
/* End PBXNativeTarget section */

/* Begin PBXProject section */
		4EE005142A78033C00C72007 /* Project object */ = {
			isa = PBXProject;
			attributes = {
				BuildIndependentTargetsInParallel = 1;
				LastSwiftUpdateCheck = 1430;
				LastUpgradeCheck = 1430;
				TargetAttributes = {
					4EE0051B2A78033C00C72007 = {
						CreatedOnToolsVersion = 14.3.1;
					};
				};
			};
			buildConfigurationList = 4EE005172A78033C00C72007 /* Build configuration list for PBXProject "SurfSummerStudy23" */;
			compatibilityVersion = "Xcode 14.0";
			developmentRegion = en;
			hasScannedForEncodings = 0;
			knownRegions = (
				en,
				Base,
			);
			mainGroup = 4EE005132A78033C00C72007;
			productRefGroup = 4EE0051D2A78033C00C72007 /* Products */;
			projectDirPath = "";
			projectRoot = "";
			targets = (
				4EE0051B2A78033C00C72007 /* SurfSummerStudy23 */,
			);
		};
/* End PBXProject section */

/* Begin PBXResourcesBuildPhase section */
		4EE0051A2A78033C00C72007 /* Resources */ = {
			isa = PBXResourcesBuildPhase;
			buildActionMask = 2147483647;
			files = (
				4EE0052C2A78033D00C72007 /* LaunchScreen.storyboard in Resources */,
				4EE005292A78033D00C72007 /* Assets.xcassets in Resources */,
			);
			runOnlyForDeploymentPostprocessing = 0;
		};
/* End PBXResourcesBuildPhase section */

/* Begin PBXSourcesBuildPhase section */
		4EE005182A78033C00C72007 /* Sources */ = {
			isa = PBXSourcesBuildPhase;
			buildActionMask = 2147483647;
			files = (
				4EE0053E2A78059600C72007 /* Router.swift in Sources */,
				4EE005422A78FDEB00C72007 /* UserProfileViewController.swift in Sources */,
				4EE005442A78FEAB00C72007 /* UserProfilePresenter.swift in Sources */,
				4EE005242A78033C00C72007 /* ViewController.swift in Sources */,
				4EE005202A78033C00C72007 /* AppDelegate.swift in Sources */,
				4EE005462A793E9A00C72007 /* MockData.swift in Sources */,
				4EE005222A78033C00C72007 /* SceneDelegate.swift in Sources */,
				4EE005402A7805A400C72007 /* ModuleBilder.swift in Sources */,
			);
			runOnlyForDeploymentPostprocessing = 0;
		};
/* End PBXSourcesBuildPhase section */

/* Begin PBXVariantGroup section */
		4EE0052A2A78033D00C72007 /* LaunchScreen.storyboard */ = {
			isa = PBXVariantGroup;
			children = (
				4EE0052B2A78033D00C72007 /* Base */,
			);
			name = LaunchScreen.storyboard;
			sourceTree = "<group>";
		};
/* End PBXVariantGroup section */

/* Begin XCBuildConfiguration section */
		4EE0052E2A78033D00C72007 /* Debug */ = {
			isa = XCBuildConfiguration;
			buildSettings = {
				ALWAYS_SEARCH_USER_PATHS = NO;
				CLANG_ANALYZER_NONNULL = YES;
				CLANG_ANALYZER_NUMBER_OBJECT_CONVERSION = YES_AGGRESSIVE;
				CLANG_CXX_LANGUAGE_STANDARD = "gnu++20";
				CLANG_ENABLE_MODULES = YES;
				CLANG_ENABLE_OBJC_ARC = YES;
				CLANG_ENABLE_OBJC_WEAK = YES;
				CLANG_WARN_BLOCK_CAPTURE_AUTORELEASING = YES;
				CLANG_WARN_BOOL_CONVERSION = YES;
				CLANG_WARN_COMMA = YES;
				CLANG_WARN_CONSTANT_CONVERSION = YES;
				CLANG_WARN_DEPRECATED_OBJC_IMPLEMENTATIONS = YES;
				CLANG_WARN_DIRECT_OBJC_ISA_USAGE = YES_ERROR;
				CLANG_WARN_DOCUMENTATION_COMMENTS = YES;
				CLANG_WARN_EMPTY_BODY = YES;
				CLANG_WARN_ENUM_CONVERSION = YES;
				CLANG_WARN_INFINITE_RECURSION = YES;
				CLANG_WARN_INT_CONVERSION = YES;
				CLANG_WARN_NON_LITERAL_NULL_CONVERSION = YES;
				CLANG_WARN_OBJC_IMPLICIT_RETAIN_SELF = YES;
				CLANG_WARN_OBJC_LITERAL_CONVERSION = YES;
				CLANG_WARN_OBJC_ROOT_CLASS = YES_ERROR;
				CLANG_WARN_QUOTED_INCLUDE_IN_FRAMEWORK_HEADER = YES;
				CLANG_WARN_RANGE_LOOP_ANALYSIS = YES;
				CLANG_WARN_STRICT_PROTOTYPES = YES;
				CLANG_WARN_SUSPICIOUS_MOVE = YES;
				CLANG_WARN_UNGUARDED_AVAILABILITY = YES_AGGRESSIVE;
				CLANG_WARN_UNREACHABLE_CODE = YES;
				CLANG_WARN__DUPLICATE_METHOD_MATCH = YES;
				COPY_PHASE_STRIP = NO;
				DEBUG_INFORMATION_FORMAT = dwarf;
				ENABLE_STRICT_OBJC_MSGSEND = YES;
				ENABLE_TESTABILITY = YES;
				GCC_C_LANGUAGE_STANDARD = gnu11;
				GCC_DYNAMIC_NO_PIC = NO;
				GCC_NO_COMMON_BLOCKS = YES;
				GCC_OPTIMIZATION_LEVEL = 0;
				GCC_PREPROCESSOR_DEFINITIONS = (
					"DEBUG=1",
					"$(inherited)",
				);
				GCC_WARN_64_TO_32_BIT_CONVERSION = YES;
				GCC_WARN_ABOUT_RETURN_TYPE = YES_ERROR;
				GCC_WARN_UNDECLARED_SELECTOR = YES;
				GCC_WARN_UNINITIALIZED_AUTOS = YES_AGGRESSIVE;
				GCC_WARN_UNUSED_FUNCTION = YES;
				GCC_WARN_UNUSED_VARIABLE = YES;
				IPHONEOS_DEPLOYMENT_TARGET = 16.4;
				MTL_ENABLE_DEBUG_INFO = INCLUDE_SOURCE;
				MTL_FAST_MATH = YES;
				ONLY_ACTIVE_ARCH = YES;
				SDKROOT = iphoneos;
				SWIFT_ACTIVE_COMPILATION_CONDITIONS = DEBUG;
				SWIFT_OPTIMIZATION_LEVEL = "-Onone";
			};
			name = Debug;
		};
		4EE0052F2A78033D00C72007 /* Release */ = {
			isa = XCBuildConfiguration;
			buildSettings = {
				ALWAYS_SEARCH_USER_PATHS = NO;
				CLANG_ANALYZER_NONNULL = YES;
				CLANG_ANALYZER_NUMBER_OBJECT_CONVERSION = YES_AGGRESSIVE;
				CLANG_CXX_LANGUAGE_STANDARD = "gnu++20";
				CLANG_ENABLE_MODULES = YES;
				CLANG_ENABLE_OBJC_ARC = YES;
				CLANG_ENABLE_OBJC_WEAK = YES;
				CLANG_WARN_BLOCK_CAPTURE_AUTORELEASING = YES;
				CLANG_WARN_BOOL_CONVERSION = YES;
				CLANG_WARN_COMMA = YES;
				CLANG_WARN_CONSTANT_CONVERSION = YES;
				CLANG_WARN_DEPRECATED_OBJC_IMPLEMENTATIONS = YES;
				CLANG_WARN_DIRECT_OBJC_ISA_USAGE = YES_ERROR;
				CLANG_WARN_DOCUMENTATION_COMMENTS = YES;
				CLANG_WARN_EMPTY_BODY = YES;
				CLANG_WARN_ENUM_CONVERSION = YES;
				CLANG_WARN_INFINITE_RECURSION = YES;
				CLANG_WARN_INT_CONVERSION = YES;
				CLANG_WARN_NON_LITERAL_NULL_CONVERSION = YES;
				CLANG_WARN_OBJC_IMPLICIT_RETAIN_SELF = YES;
				CLANG_WARN_OBJC_LITERAL_CONVERSION = YES;
				CLANG_WARN_OBJC_ROOT_CLASS = YES_ERROR;
				CLANG_WARN_QUOTED_INCLUDE_IN_FRAMEWORK_HEADER = YES;
				CLANG_WARN_RANGE_LOOP_ANALYSIS = YES;
				CLANG_WARN_STRICT_PROTOTYPES = YES;
				CLANG_WARN_SUSPICIOUS_MOVE = YES;
				CLANG_WARN_UNGUARDED_AVAILABILITY = YES_AGGRESSIVE;
				CLANG_WARN_UNREACHABLE_CODE = YES;
				CLANG_WARN__DUPLICATE_METHOD_MATCH = YES;
				COPY_PHASE_STRIP = NO;
				DEBUG_INFORMATION_FORMAT = "dwarf-with-dsym";
				ENABLE_NS_ASSERTIONS = NO;
				ENABLE_STRICT_OBJC_MSGSEND = YES;
				GCC_C_LANGUAGE_STANDARD = gnu11;
				GCC_NO_COMMON_BLOCKS = YES;
				GCC_WARN_64_TO_32_BIT_CONVERSION = YES;
				GCC_WARN_ABOUT_RETURN_TYPE = YES_ERROR;
				GCC_WARN_UNDECLARED_SELECTOR = YES;
				GCC_WARN_UNINITIALIZED_AUTOS = YES_AGGRESSIVE;
				GCC_WARN_UNUSED_FUNCTION = YES;
				GCC_WARN_UNUSED_VARIABLE = YES;
				IPHONEOS_DEPLOYMENT_TARGET = 16.4;
				MTL_ENABLE_DEBUG_INFO = NO;
				MTL_FAST_MATH = YES;
				SDKROOT = iphoneos;
				SWIFT_COMPILATION_MODE = wholemodule;
				SWIFT_OPTIMIZATION_LEVEL = "-O";
				VALIDATE_PRODUCT = YES;
			};
			name = Release;
		};
		4EE005312A78033D00C72007 /* Debug */ = {
			isa = XCBuildConfiguration;
			buildSettings = {
				ASSETCATALOG_COMPILER_APPICON_NAME = AppIcon;
				ASSETCATALOG_COMPILER_GLOBAL_ACCENT_COLOR_NAME = AccentColor;
				CODE_SIGN_STYLE = Automatic;
				CURRENT_PROJECT_VERSION = 1;
				DEVELOPMENT_TEAM = K9998L29ZT;
				GENERATE_INFOPLIST_FILE = YES;
				INFOPLIST_FILE = SurfSummerStudy23/App/Info.plist;
				INFOPLIST_KEY_UIApplicationSupportsIndirectInputEvents = YES;
				INFOPLIST_KEY_UILaunchStoryboardName = LaunchScreen;
				INFOPLIST_KEY_UISupportedInterfaceOrientations = UIInterfaceOrientationPortrait;
				INFOPLIST_KEY_UISupportedInterfaceOrientations_iPad = "UIInterfaceOrientationLandscapeLeft UIInterfaceOrientationLandscapeRight UIInterfaceOrientationPortrait UIInterfaceOrientationPortraitUpsideDown";
				LD_RUNPATH_SEARCH_PATHS = (
					"$(inherited)",
					"@executable_path/Frameworks",
				);
				MARKETING_VERSION = 1.0;
				PRODUCT_BUNDLE_IDENTIFIER = MikhailSvetlov.SurfSummerStudy23;
				PRODUCT_NAME = "$(TARGET_NAME)";
				SWIFT_EMIT_LOC_STRINGS = YES;
				SWIFT_VERSION = 5.0;
				TARGETED_DEVICE_FAMILY = "1,2";
			};
			name = Debug;
		};
		4EE005322A78033D00C72007 /* Release */ = {
			isa = XCBuildConfiguration;
			buildSettings = {
				ASSETCATALOG_COMPILER_APPICON_NAME = AppIcon;
				ASSETCATALOG_COMPILER_GLOBAL_ACCENT_COLOR_NAME = AccentColor;
				CODE_SIGN_STYLE = Automatic;
				CURRENT_PROJECT_VERSION = 1;
				DEVELOPMENT_TEAM = K9998L29ZT;
				GENERATE_INFOPLIST_FILE = YES;
				INFOPLIST_FILE = SurfSummerStudy23/App/Info.plist;
				INFOPLIST_KEY_UIApplicationSupportsIndirectInputEvents = YES;
				INFOPLIST_KEY_UILaunchStoryboardName = LaunchScreen;
				INFOPLIST_KEY_UISupportedInterfaceOrientations = UIInterfaceOrientationPortrait;
				INFOPLIST_KEY_UISupportedInterfaceOrientations_iPad = "UIInterfaceOrientationLandscapeLeft UIInterfaceOrientationLandscapeRight UIInterfaceOrientationPortrait UIInterfaceOrientationPortraitUpsideDown";
				LD_RUNPATH_SEARCH_PATHS = (
					"$(inherited)",
					"@executable_path/Frameworks",
				);
				MARKETING_VERSION = 1.0;
				PRODUCT_BUNDLE_IDENTIFIER = MikhailSvetlov.SurfSummerStudy23;
				PRODUCT_NAME = "$(TARGET_NAME)";
				SWIFT_EMIT_LOC_STRINGS = YES;
				SWIFT_VERSION = 5.0;
				TARGETED_DEVICE_FAMILY = "1,2";
			};
			name = Release;
		};
/* End XCBuildConfiguration section */

/* Begin XCConfigurationList section */
		4EE005172A78033C00C72007 /* Build configuration list for PBXProject "SurfSummerStudy23" */ = {
			isa = XCConfigurationList;
			buildConfigurations = (
				4EE0052E2A78033D00C72007 /* Debug */,
				4EE0052F2A78033D00C72007 /* Release */,
			);
			defaultConfigurationIsVisible = 0;
			defaultConfigurationName = Release;
		};
		4EE005302A78033D00C72007 /* Build configuration list for PBXNativeTarget "SurfSummerStudy23" */ = {
			isa = XCConfigurationList;
			buildConfigurations = (
				4EE005312A78033D00C72007 /* Debug */,
				4EE005322A78033D00C72007 /* Release */,
			);
			defaultConfigurationIsVisible = 0;
			defaultConfigurationName = Release;
		};
/* End XCConfigurationList section */
	};
	rootObject = 4EE005142A78033C00C72007 /* Project object */;
}
